
Microsoft Visual Studio Solution File, Format Version 12.00
# Visual Studio Version 16
VisualStudioVersion = 16.0.30011.22
MinimumVisualStudioVersion = 10.0.40219.1
Project("{9A19103F-16F7-4668-BE54-9A1E7A4F7556}") = "FinalCheckLan", "FinalCheckLan.csproj", "{074F9E44-E870-4C52-89C2-F5845D73FA27}"
EndProject
Global
	GlobalSection(SolutionConfigurationPlatforms) = preSolution
		Debug|Any CPU = Debug|Any CPU
		Release|Any CPU = Release|Any CPU
	EndGlobalSection
	GlobalSection(ProjectConfigurationPlatforms) = postSolution
		{074F9E44-E870-4C52-89C2-F5845D73FA27}.Debug|Any CPU.ActiveCfg = Debug|Any CPU
		{074F9E44-E870-4C52-89C2-F5845D73FA27}.Debug|Any CPU.Build.0 = Debug|Any CPU
		{074F9E44-E870-4C52-89C2-F5845D73FA27}.Release|Any CPU.ActiveCfg = Release|Any CPU
		{074F9E44-E870-4C52-89C2-F5845D73FA27}.Release|Any CPU.Build.0 = Release|Any CPU
	EndGlobalSection
	GlobalSection(SolutionProperties) = preSolution
		HideSolutionNode = FALSE
	EndGlobalSection
	GlobalSection(ExtensibilityGlobals) = postSolution
		SolutionGuid = {9C001652-9C25-4BD5-918F-F4EAF4564CAD}
	EndGlobalSection
EndGlobal
